
Microsoft Visual Studio Solution File, Format Version 12.00
# Visual Studio Version 17
VisualStudioVersion = 17.8.34330.188
MinimumVisualStudioVersion = 10.0.40219.1
Project("{FAE04EC0-301F-11D3-BF4B-00C04F79EFBC}") = "TodoAdvWeb.Server", "TodoAdvWeb.Server\TodoAdvWeb.Server.csproj", "{3BC1D9F1-0737-4887-BC7E-9606C18299F1}"
EndProject
Project("{54A90642-561A-4BB1-A94E-469ADEE60C69}") = "todoadvweb.client", "todoadvweb.client\todoadvweb.client.esproj", "{91E342BC-1A44-4C1D-930E-49708215D937}"
EndProject
Global
	GlobalSection(SolutionConfigurationPlatforms) = preSolution
		Debug|Any CPU = Debug|Any CPU
		Release|Any CPU = Release|Any CPU
	EndGlobalSection
	GlobalSection(ProjectConfigurationPlatforms) = postSolution
		{3BC1D9F1-0737-4887-BC7E-9606C18299F1}.Debug|Any CPU.ActiveCfg = Debug|Any CPU
		{3BC1D9F1-0737-4887-BC7E-9606C18299F1}.Debug|Any CPU.Build.0 = Debug|Any CPU
		{3BC1D9F1-0737-4887-BC7E-9606C18299F1}.Release|Any CPU.ActiveCfg = Release|Any CPU
		{3BC1D9F1-0737-4887-BC7E-9606C18299F1}.Release|Any CPU.Build.0 = Release|Any CPU
		{91E342BC-1A44-4C1D-930E-49708215D937}.Debug|Any CPU.ActiveCfg = Debug|Any CPU
		{91E342BC-1A44-4C1D-930E-49708215D937}.Debug|Any CPU.Build.0 = Debug|Any CPU
		{91E342BC-1A44-4C1D-930E-49708215D937}.Debug|Any CPU.Deploy.0 = Debug|Any CPU
		{91E342BC-1A44-4C1D-930E-49708215D937}.Release|Any CPU.ActiveCfg = Release|Any CPU
		{91E342BC-1A44-4C1D-930E-49708215D937}.Release|Any CPU.Build.0 = Release|Any CPU
		{91E342BC-1A44-4C1D-930E-49708215D937}.Release|Any CPU.Deploy.0 = Release|Any CPU
	EndGlobalSection
	GlobalSection(SolutionProperties) = preSolution
		HideSolutionNode = FALSE
	EndGlobalSection
	GlobalSection(ExtensibilityGlobals) = postSolution
		SolutionGuid = {48B0F08E-E88F-4437-A7FE-EAFFCEB5F487}
	EndGlobalSection
EndGlobal
